FORMAT=G2B_HW0_DRV1_UPSTREAM_LOCK_V1
REPOSITORY_URL=https://github.com/Xilinx/dma_ip_drivers.git
UPSTREAM_COMMIT=b8466090b4e812e191da9e9305ffb11cb7ace768
UPSTREAM_TREE=f9286c5d1bdae57285570ac5c23244d54076b99f
EXPECTED_SOURCE_PATH_1=XDMA/linux-kernel/xdma/Makefile
EXPECTED_SOURCE_PATH_2=XDMA/linux-kernel/xdma/xdma_mod.c
EXPECTED_SOURCE_PATH_3=XDMA/linux-kernel/xdma/xdma_cdev.h
EXPECTED_SOURCE_PATH_4=XDMA/linux-kernel/xdma/xdma_cdev.c
EXPECTED_SOURCE_PATH_5=XDMA/linux-kernel/xdma/libxdma.c
EXPECTED_SOURCE_PATH_6=XDMA/linux-kernel/xdma/version.h
RETRIEVAL_DATE_UTC=2026-09-06
PATCH_PATH=0001-ahd-exact-pci-match.patch
PATCH_SHA256=415F0836E56782D0F8667FA4510E63016A065A6F175A25433CD6D2EAA57E6AD7
INTENDED_MODULE_FILENAME=xdma_ahd_pcie.ko
INTENDED_INTERNAL_MODULE_NAME=xdma_ahd_pcie
INTENDED_MODULE_CLASS=OUT_OF_TREE_PCIE_XDMA
INTENDED_PCI_POLICY=EXACT_SUBSYSTEM_ONLY_10EE_7011_10EE_0007
INTENDED_GENERATED_ALIAS=pci:v000010EEd00007011sv000010EEsd00000007bc*sc*i*
INTENDED_TRANSPORT_POLICY=GENERIC_PCIE_XDMA_TRANSPORT_ONLY
STANDARD_XDMA_CHARACTER_NODE_PREFIX=xdma
INSTALL_AUTHORIZED=NO
LOAD_AUTHORIZED=NO

